DEAL_REVISION=dd66bb4ae8bba9923137bc6909a1029a57a022f4
DEAL_UI_REVISION=973dbede549d8da68acef84399c46daabd9416c7
STREAMING_COMPILER_REVISION=7b5d5131ed88c622d053de6965750a59a06cb1d9
DEAL_SOURCE_ORIGIN=https://github.com/arkts-dev/deal.git
DEAL_SOURCE_REF=feature/restore-deal-compiler-modernization
DEAL_UI_SOURCE_ORIGIN=https://github.com/arkts-dev/deal-ui.git
DEAL_UI_SOURCE_REF=feature/ui-first-draft-foundation
STREAMING_COMPILER_SOURCE_ORIGIN=https://github.com/egavrin/deal-streaming-compiler.git
STREAMING_COMPILER_SOURCE_REF=feature/ui-first-planner-foundation
COMPONENT_PACK_VERSION=deal-studio-dealui-pack-v15
COMPONENT_PACK_SHA256=3ad473fca4754463816fba3115f18f870bea5f89868716ef546873eea4458d60
JAVAC_VERSION=25.0.2
JAVAC_RELEASE=25
ANDROID_BUILD_TOOLS_VERSION=37.0.0
D8_VERSION='D8 9.2.4-dev (build 084a89126ae0596c599143df57a654646af28313 from go/r8bot (luci-r8-custom-ci-archive-0-4u1w))'
MIN_ANDROID_API=26
DEX_SHA256=bd0493328c3056fa24f03f91896ae8e314553c09d2132fddaa0b98f741e57951
