DEAL_REVISION=b436bdadb1372dd890331b5922c33d0715195eaf
DEAL_UI_REVISION=4ca8671256015dde247328c6db13c48ed2264074
STREAMING_COMPILER_REVISION=2cd6d5b6f3a084c5d1c8d8d9d1caef1c8de0cf03
COMPONENT_PACK_VERSION=deal-studio-dealui-pack-v12
COMPONENT_PACK_SHA256=363daec30c9ff2fcbee9c5641afc2bc1c56b4a685bece9ab18e15b05b7a438d2
JAVAC_VERSION=25.0.2
JAVAC_RELEASE=25
ANDROID_BUILD_TOOLS_VERSION=37.0.0
D8_VERSION='D8 9.2.4-dev (build 084a89126ae0596c599143df57a654646af28313 from go/r8bot (luci-r8-custom-ci-archive-0-4u1w))'
MIN_ANDROID_API=26
DEX_SHA256=bdc2bd3cad6bb57e3278d2df74371482bbb28178abe430c4412cf880fb2dbc9f
