DEAL_REVISION=fde98e7bd6e33cc0c41c1a321ab0bffb7b621db2
DEAL_UI_REVISION=6b749dc8ace270e19f81987f28a58919572c48a5
STREAMING_COMPILER_REVISION=6a7225845f1efc754e9be04d9e23c970856b8ea3
DEAL_SOURCE_ORIGIN=https://github.com/arkts-dev/deal.git
DEAL_SOURCE_REF=master
DEAL_UI_SOURCE_ORIGIN=https://github.com/arkts-dev/deal-ui.git
DEAL_UI_SOURCE_REF=master
STREAMING_COMPILER_SOURCE_ORIGIN=https://github.com/egavrin/deal-streaming-compiler.git
STREAMING_COMPILER_SOURCE_REF=main
COMPONENT_PACK_VERSION=deal-studio-dealui-pack-v15
COMPONENT_PACK_SHA256=3ad473fca4754463816fba3115f18f870bea5f89868716ef546873eea4458d60
JAVAC_VERSION=25.0.2
JAVAC_RELEASE=25
ANDROID_BUILD_TOOLS_VERSION=37.0.0
D8_VERSION='D8 9.2.4-dev (build 084a89126ae0596c599143df57a654646af28313 from go/r8bot (luci-r8-custom-ci-archive-0-4u1w))'
MIN_ANDROID_API=26
DEX_SHA256=8b9df6bbbc7bb2751db2a6b62965a5a110bb4666dc78e16b4740755489e2a45a
RESTORE_V15_PR41_ASSET=deal-android-toolchain-v15-pr41.dex
RESTORE_V15_PR41_DEX_SHA256=dda788fe89eefe7d2ec0ac95bdb86c40cd0c6b9622e4886d5a15d965e13a1953
